// !$*UTF8*$!
{
	archiveVersion = 1;
	classes = {
	};
	objectVersion = 56;
	objects = {

/* Begin PBXBuildFile section */
		C333E0212C60E0E60055CB36 /* AppDelegate.swift in Sources */ = {isa = PBXBuildFile; fileRef = C333E0202C60E0E60055CB36 /* AppDelegate.swift */; };
		C333E0232C60E0E60055CB36 /* SceneDelegate.swift in Sources */ = {isa = PBXBuildFile; fileRef = C333E0222C60E0E60055CB36 /* SceneDelegate.swift */; };
		C333E0252C60E0E60055CB36 /* LoginViewController.swift in Sources */ = {isa = PBXBuildFile; fileRef = C333E0242C60E0E60055CB36 /* LoginViewController.swift */; };
		C333E0282C60E0E60055CB36 /* Base in Resources */ = {isa = PBXBuildFile; fileRef = C333E0272C60E0E60055CB36 /* Base */; };
		C333E02A2C60E0E70055CB36 /* Assets.xcassets in Resources */ = {isa = PBXBuildFile; fileRef = C333E0292C60E0E70055CB36 /* Assets.xcassets */; };
		C333E02D2C60E0E70055CB36 /* Base in Resources */ = {isa = PBXBuildFile; fileRef = C333E02C2C60E0E70055CB36 /* Base */; };
		C333E03B2C60FD8B0055CB36 /* RegisterViewController.swift in Sources */ = {isa = PBXBuildFile; fileRef = C333E03A2C60FD8B0055CB36 /* RegisterViewController.swift */; };
		C333E03F2C60FDCA0055CB36 /* LoginViewModel.swift in Sources */ = {isa = PBXBuildFile; fileRef = C333E03E2C60FDCA0055CB36 /* LoginViewModel.swift */; };
		C333E0412C62AF240055CB36 /* GoogleService-Info.plist in Resources */ = {isa = PBXBuildFile; fileRef = C333E0402C62AF240055CB36 /* GoogleService-Info.plist */; };
		C333E0442C62B01E0055CB36 /* FirebaseAnalytics in Frameworks */ = {isa = PBXBuildFile; productRef = C333E0432C62B01E0055CB36 /* FirebaseAnalytics */; };
		C333E0462C62B01E0055CB36 /* FirebaseAuth in Frameworks */ = {isa = PBXBuildFile; productRef = C333E0452C62B01E0055CB36 /* FirebaseAuth */; };
		C333E0482C62B01E0055CB36 /* FirebaseFirestore in Frameworks */ = {isa = PBXBuildFile; productRef = C333E0472C62B01E0055CB36 /* FirebaseFirestore */; };
		C333E04A2C62B01E0055CB36 /* FirebaseStorage in Frameworks */ = {isa = PBXBuildFile; productRef = C333E0492C62B01E0055CB36 /* FirebaseStorage */; };
		C3458E752C63921D000A5A5C /* NetworkManager.swift in Sources */ = {isa = PBXBuildFile; fileRef = C3458E742C63921D000A5A5C /* NetworkManager.swift */; };
		C3458E772C639325000A5A5C /* RegisterViewModel.swift in Sources */ = {isa = PBXBuildFile; fileRef = C3458E762C639325000A5A5C /* RegisterViewModel.swift */; };
		C36A2E652C664FCC00C2A4FB /* OrderTableViewCell.xib in Resources */ = {isa = PBXBuildFile; fileRef = C36A2E642C664FCC00C2A4FB /* OrderTableViewCell.xib */; };
		C36A2E662C664FCC00C2A4FB /* OrderTableViewCell.swift in Sources */ = {isa = PBXBuildFile; fileRef = C36A2E632C664FCC00C2A4FB /* OrderTableViewCell.swift */; };
		C36A2E682C6652F000C2A4FB /* HomeViewController+TableView.swift in Sources */ = {isa = PBXBuildFile; fileRef = C36A2E672C6652F000C2A4FB /* HomeViewController+TableView.swift */; };
		C38D34FE2C6BC202001D17E2 /* Food.swift in Sources */ = {isa = PBXBuildFile; fileRef = C38D34FD2C6BC202001D17E2 /* Food.swift */; };
		C3A634CE2C64DBCD00EF8C9C /* User.swift in Sources */ = {isa = PBXBuildFile; fileRef = C3A634CD2C64DBCD00EF8C9C /* User.swift */; };
		C3A634D12C64DE8C00EF8C9C /* UIViewController+Alert.swift in Sources */ = {isa = PBXBuildFile; fileRef = C3A634D02C64DE8C00EF8C9C /* UIViewController+Alert.swift */; };
		C3A634D32C64E50B00EF8C9C /* HomeViewController.swift in Sources */ = {isa = PBXBuildFile; fileRef = C3A634D22C64E50B00EF8C9C /* HomeViewController.swift */; };
		C3A634D52C64E51D00EF8C9C /* HomeViewModel.swift in Sources */ = {isa = PBXBuildFile; fileRef = C3A634D42C64E51D00EF8C9C /* HomeViewModel.swift */; };
		C3D0C5362C6E1C7A0063A5CD /* Kingfisher in Frameworks */ = {isa = PBXBuildFile; productRef = C3D0C5352C6E1C7A0063A5CD /* Kingfisher */; };
		C3E59C912C67ACA7001600CD /* DetailViewController.swift in Sources */ = {isa = PBXBuildFile; fileRef = C3E59C902C67ACA7001600CD /* DetailViewController.swift */; };
		C3E59C932C67ACBF001600CD /* DetailViewModel.swift in Sources */ = {isa = PBXBuildFile; fileRef = C3E59C922C67ACBF001600CD /* DetailViewModel.swift */; };
/* End PBXBuildFile section */

/* Begin PBXFileReference section */
		C333E01D2C60E0E60055CB36 /* IsrafApp.app */ = {isa = PBXFileReference; explicitFileType = wrapper.application; includeInIndex = 0; path = IsrafApp.app; sourceTree = BUILT_PRODUCTS_DIR; };
		C333E0202C60E0E60055CB36 /* AppDelegate.swift */ = {isa = PBXFileReference; lastKnownFileType = sourcecode.swift; path = AppDelegate.swift; sourceTree = "<group>"; };
		C333E0222C60E0E60055CB36 /* SceneDelegate.swift */ = {isa = PBXFileReference; lastKnownFileType = sourcecode.swift; path = SceneDelegate.swift; sourceTree = "<group>"; };
		C333E0242C60E0E60055CB36 /* LoginViewController.swift */ = {isa = PBXFileReference; lastKnownFileType = sourcecode.swift; path = LoginViewController.swift; sourceTree = "<group>"; };
		C333E0272C60E0E60055CB36 /* Base */ = {isa = PBXFileReference; lastKnownFileType = file.storyboard; name = Base; path = Base.lproj/Main.storyboard; sourceTree = "<group>"; };
		C333E0292C60E0E70055CB36 /* Assets.xcassets */ = {isa = PBXFileReference; lastKnownFileType = folder.assetcatalog; path = Assets.xcassets; sourceTree = "<group>"; };
		C333E02C2C60E0E70055CB36 /* Base */ = {isa = PBXFileReference; lastKnownFileType = file.storyboard; name = Base; path = Base.lproj/LaunchScreen.storyboard; sourceTree = "<group>"; };
		C333E02E2C60E0E70055CB36 /* Info.plist */ = {isa = PBXFileReference; lastKnownFileType = text.plist.xml; path = Info.plist; sourceTree = "<group>"; };
		C333E03A2C60FD8B0055CB36 /* RegisterViewController.swift */ = {isa = PBXFileReference; lastKnownFileType = sourcecode.swift; path = RegisterViewController.swift; sourceTree = "<group>"; };
		C333E03E2C60FDCA0055CB36 /* LoginViewModel.swift */ = {isa = PBXFileReference; lastKnownFileType = sourcecode.swift; path = LoginViewModel.swift; sourceTree = "<group>"; };
		C333E0402C62AF240055CB36 /* GoogleService-Info.plist */ = {isa = PBXFileReference; fileEncoding = 4; lastKnownFileType = text.plist.xml; path = "GoogleService-Info.plist"; sourceTree = "<group>"; };
		C3458E742C63921D000A5A5C /* NetworkManager.swift */ = {isa = PBXFileReference; lastKnownFileType = sourcecode.swift; path = NetworkManager.swift; sourceTree = "<group>"; };
		C3458E762C639325000A5A5C /* RegisterViewModel.swift */ = {isa = PBXFileReference; lastKnownFileType = sourcecode.swift; path = RegisterViewModel.swift; sourceTree = "<group>"; };
		C36A2E632C664FCC00C2A4FB /* OrderTableViewCell.swift */ = {isa = PBXFileReference; lastKnownFileType = sourcecode.swift; path = OrderTableViewCell.swift; sourceTree = "<group>"; };
		C36A2E642C664FCC00C2A4FB /* OrderTableViewCell.xib */ = {isa = PBXFileReference; lastKnownFileType = file.xib; path = OrderTableViewCell.xib; sourceTree = "<group>"; };
		C36A2E672C6652F000C2A4FB /* HomeViewController+TableView.swift */ = {isa = PBXFileReference; lastKnownFileType = sourcecode.swift; path = "HomeViewController+TableView.swift"; sourceTree = "<group>"; };
		C38D34FD2C6BC202001D17E2 /* Food.swift */ = {isa = PBXFileReference; lastKnownFileType = sourcecode.swift; path = Food.swift; sourceTree = "<group>"; };
		C3A634CD2C64DBCD00EF8C9C /* User.swift */ = {isa = PBXFileReference; lastKnownFileType = sourcecode.swift; path = User.swift; sourceTree = "<group>"; };
		C3A634D02C64DE8C00EF8C9C /* UIViewController+Alert.swift */ = {isa = PBXFileReference; lastKnownFileType = sourcecode.swift; path = "UIViewController+Alert.swift"; sourceTree = "<group>"; };
		C3A634D22C64E50B00EF8C9C /* HomeViewController.swift */ = {isa = PBXFileReference; lastKnownFileType = sourcecode.swift; path = HomeViewController.swift; sourceTree = "<group>"; };
		C3A634D42C64E51D00EF8C9C /* HomeViewModel.swift */ = {isa = PBXFileReference; lastKnownFileType = sourcecode.swift; path = HomeViewModel.swift; sourceTree = "<group>"; };
		C3E59C902C67ACA7001600CD /* DetailViewController.swift */ = {isa = PBXFileReference; lastKnownFileType = sourcecode.swift; path = DetailViewController.swift; sourceTree = "<group>"; };
		C3E59C922C67ACBF001600CD /* DetailViewModel.swift */ = {isa = PBXFileReference; lastKnownFileType = sourcecode.swift; path = DetailViewModel.swift; sourceTree = "<group>"; };
/* End PBXFileReference section */

/* Begin PBXFrameworksBuildPhase section */
		C333E01A2C60E0E60055CB36 /* Frameworks */ = {
			isa = PBXFrameworksBuildPhase;
			buildActionMask = 2147483647;
			files = (
				C333E0442C62B01E0055CB36 /* FirebaseAnalytics in Frameworks */,
				C333E04A2C62B01E0055CB36 /* FirebaseStorage in Frameworks */,
				C333E0462C62B01E0055CB36 /* FirebaseAuth in Frameworks */,
				C333E0482C62B01E0055CB36 /* FirebaseFirestore in Frameworks */,
				C3D0C5362C6E1C7A0063A5CD /* Kingfisher in Frameworks */,
			);
			runOnlyForDeploymentPostprocessing = 0;
		};
/* End PBXFrameworksBuildPhase section */

/* Begin PBXGroup section */
		C333E0142C60E0E60055CB36 = {
			isa = PBXGroup;
			children = (
				C333E01F2C60E0E60055CB36 /* IsrafApp */,
				C333E01E2C60E0E60055CB36 /* Products */,
			);
			sourceTree = "<group>";
		};
		C333E01E2C60E0E60055CB36 /* Products */ = {
			isa = PBXGroup;
			children = (
				C333E01D2C60E0E60055CB36 /* IsrafApp.app */,
			);
			name = Products;
			sourceTree = "<group>";
		};
		C333E01F2C60E0E60055CB36 /* IsrafApp */ = {
			isa = PBXGroup;
			children = (
				C333E0372C60E3800055CB36 /* Core */,
				C333E0382C60E38D0055CB36 /* Feature */,
				C333E0262C60E0E60055CB36 /* Main.storyboard */,
				C333E02B2C60E0E70055CB36 /* LaunchScreen.storyboard */,
				C333E02E2C60E0E70055CB36 /* Info.plist */,
				C333E0402C62AF240055CB36 /* GoogleService-Info.plist */,
			);
			path = IsrafApp;
			sourceTree = "<group>";
		};
		C333E0342C60E35F0055CB36 /* Model */ = {
			isa = PBXGroup;
			children = (
				C3A634CD2C64DBCD00EF8C9C /* User.swift */,
				C38D34FD2C6BC202001D17E2 /* Food.swift */,
			);
			path = Model;
			sourceTree = "<group>";
		};
		C333E0352C60E3640055CB36 /* ViewModel */ = {
			isa = PBXGroup;
			children = (
				C333E03E2C60FDCA0055CB36 /* LoginViewModel.swift */,
				C3458E762C639325000A5A5C /* RegisterViewModel.swift */,
				C3A634D42C64E51D00EF8C9C /* HomeViewModel.swift */,
				C3E59C922C67ACBF001600CD /* DetailViewModel.swift */,
			);
			path = ViewModel;
			sourceTree = "<group>";
		};
		C333E0362C60E36B0055CB36 /* View */ = {
			isa = PBXGroup;
			children = (
				C36A2E622C664FA600C2A4FB /* SubView */,
				C333E0242C60E0E60055CB36 /* LoginViewController.swift */,
				C333E03A2C60FD8B0055CB36 /* RegisterViewController.swift */,
				C3A634D22C64E50B00EF8C9C /* HomeViewController.swift */,
				C36A2E672C6652F000C2A4FB /* HomeViewController+TableView.swift */,
				C3E59C902C67ACA7001600CD /* DetailViewController.swift */,
			);
			path = View;
			sourceTree = "<group>";
		};
		C333E0372C60E3800055CB36 /* Core */ = {
			isa = PBXGroup;
			children = (
				C333E0202C60E0E60055CB36 /* AppDelegate.swift */,
				C333E0222C60E0E60055CB36 /* SceneDelegate.swift */,
				C333E0292C60E0E70055CB36 /* Assets.xcassets */,
			);
			path = Core;
			sourceTree = "<group>";
		};
		C333E0382C60E38D0055CB36 /* Feature */ = {
			isa = PBXGroup;
			children = (
				C3A634CF2C64DE5800EF8C9C /* Extension */,
				C333E0392C60E3CD0055CB36 /* NetworkLayer */,
				C333E0342C60E35F0055CB36 /* Model */,
				C333E0362C60E36B0055CB36 /* View */,
				C333E0352C60E3640055CB36 /* ViewModel */,
			);
			path = Feature;
			sourceTree = "<group>";
		};
		C333E0392C60E3CD0055CB36 /* NetworkLayer */ = {
			isa = PBXGroup;
			children = (
				C3458E742C63921D000A5A5C /* NetworkManager.swift */,
			);
			path = NetworkLayer;
			sourceTree = "<group>";
		};
		C36A2E622C664FA600C2A4FB /* SubView */ = {
			isa = PBXGroup;
			children = (
				C36A2E632C664FCC00C2A4FB /* OrderTableViewCell.swift */,
				C36A2E642C664FCC00C2A4FB /* OrderTableViewCell.xib */,
			);
			path = SubView;
			sourceTree = "<group>";
		};
		C3A634CF2C64DE5800EF8C9C /* Extension */ = {
			isa = PBXGroup;
			children = (
				C3A634D02C64DE8C00EF8C9C /* UIViewController+Alert.swift */,
			);
			path = Extension;
			sourceTree = "<group>";
		};
/* End PBXGroup section */

/* Begin PBXNativeTarget section */
		C333E01C2C60E0E60055CB36 /* IsrafApp */ = {
			isa = PBXNativeTarget;
			buildConfigurationList = C333E0312C60E0E70055CB36 /* Build configuration list for PBXNativeTarget "IsrafApp" */;
			buildPhases = (
				C333E0192C60E0E60055CB36 /* Sources */,
				C333E01A2C60E0E60055CB36 /* Frameworks */,
				C333E01B2C60E0E60055CB36 /* Resources */,
			);
			buildRules = (
			);
			dependencies = (
			);
			name = IsrafApp;
			packageProductDependencies = (
				C333E0432C62B01E0055CB36 /* FirebaseAnalytics */,
				C333E0452C62B01E0055CB36 /* FirebaseAuth */,
				C333E0472C62B01E0055CB36 /* FirebaseFirestore */,
				C333E0492C62B01E0055CB36 /* FirebaseStorage */,
				C3D0C5352C6E1C7A0063A5CD /* Kingfisher */,
			);
			productName = IsrafApp;
			productReference = C333E01D2C60E0E60055CB36 /* IsrafApp.app */;
			productType = "com.apple.product-type.application";
		};
/* End PBXNativeTarget section */

/* Begin PBXProject section */
		C333E0152C60E0E60055CB36 /* Project object */ = {
			isa = PBXProject;
			attributes = {
				BuildIndependentTargetsInParallel = 1;
				LastSwiftUpdateCheck = 1530;
				LastUpgradeCheck = 1530;
				TargetAttributes = {
					C333E01C2C60E0E60055CB36 = {
						CreatedOnToolsVersion = 15.3;
					};
				};
			};
			buildConfigurationList = C333E0182C60E0E60055CB36 /* Build configuration list for PBXProject "IsrafApp" */;
			compatibilityVersion = "Xcode 14.0";
			developmentRegion = en;
			hasScannedForEncodings = 0;
			knownRegions = (
				en,
				Base,
			);
			mainGroup = C333E0142C60E0E60055CB36;
			packageReferences = (
				C333E0422C62B01E0055CB36 /* XCRemoteSwiftPackageReference "firebase-ios-sdk" */,
				C3D0C5342C6E1C7A0063A5CD /* XCRemoteSwiftPackageReference "Kingfisher" */,
			);
			productRefGroup = C333E01E2C60E0E60055CB36 /* Products */;
			projectDirPath = "";
			projectRoot = "";
			targets = (
				C333E01C2C60E0E60055CB36 /* IsrafApp */,
			);
		};
/* End PBXProject section */

/* Begin PBXResourcesBuildPhase section */
		C333E01B2C60E0E60055CB36 /* Resources */ = {
			isa = PBXResourcesBuildPhase;
			buildActionMask = 2147483647;
			files = (
				C333E02A2C60E0E70055CB36 /* Assets.xcassets in Resources */,
				C36A2E652C664FCC00C2A4FB /* OrderTableViewCell.xib in Resources */,
				C333E0412C62AF240055CB36 /* GoogleService-Info.plist in Resources */,
				C333E02D2C60E0E70055CB36 /* Base in Resources */,
				C333E0282C60E0E60055CB36 /* Base in Resources */,
			);
			runOnlyForDeploymentPostprocessing = 0;
		};
/* End PBXResourcesBuildPhase section */

/* Begin PBXSourcesBuildPhase section */
		C333E0192C60E0E60055CB36 /* Sources */ = {
			isa = PBXSourcesBuildPhase;
			buildActionMask = 2147483647;
			files = (
				C3A634D12C64DE8C00EF8C9C /* UIViewController+Alert.swift in Sources */,
				C3A634D52C64E51D00EF8C9C /* HomeViewModel.swift in Sources */,
				C3458E752C63921D000A5A5C /* NetworkManager.swift in Sources */,
				C36A2E682C6652F000C2A4FB /* HomeViewController+TableView.swift in Sources */,
				C333E0252C60E0E60055CB36 /* LoginViewController.swift in Sources */,
				C3458E772C639325000A5A5C /* RegisterViewModel.swift in Sources */,
				C333E0212C60E0E60055CB36 /* AppDelegate.swift in Sources */,
				C36A2E662C664FCC00C2A4FB /* OrderTableViewCell.swift in Sources */,
				C3A634D32C64E50B00EF8C9C /* HomeViewController.swift in Sources */,
				C3A634CE2C64DBCD00EF8C9C /* User.swift in Sources */,
				C333E0232C60E0E60055CB36 /* SceneDelegate.swift in Sources */,
				C333E03F2C60FDCA0055CB36 /* LoginViewModel.swift in Sources */,
				C333E03B2C60FD8B0055CB36 /* RegisterViewController.swift in Sources */,
				C38D34FE2C6BC202001D17E2 /* Food.swift in Sources */,
				C3E59C932C67ACBF001600CD /* DetailViewModel.swift in Sources */,
				C3E59C912C67ACA7001600CD /* DetailViewController.swift in Sources */,
			);
			runOnlyForDeploymentPostprocessing = 0;
		};
/* End PBXSourcesBuildPhase section */

/* Begin PBXVariantGroup section */
		C333E0262C60E0E60055CB36 /* Main.storyboard */ = {
			isa = PBXVariantGroup;
			children = (
				C333E0272C60E0E60055CB36 /* Base */,
			);
			name = Main.storyboard;
			sourceTree = "<group>";
		};
		C333E02B2C60E0E70055CB36 /* LaunchScreen.storyboard */ = {
			isa = PBXVariantGroup;
			children = (
				C333E02C2C60E0E70055CB36 /* Base */,
			);
			name = LaunchScreen.storyboard;
			sourceTree = "<group>";
		};
/* End PBXVariantGroup section */

/* Begin XCBuildConfiguration section */
		C333E02F2C60E0E70055CB36 /* Debug */ = {
			isa = XCBuildConfiguration;
			buildSettings = {
				ALWAYS_SEARCH_USER_PATHS = NO;
				ASSETCATALOG_COMPILER_GENERATE_SWIFT_ASSET_SYMBOL_EXTENSIONS = YES;
				CLANG_ANALYZER_NONNULL = YES;
				CLANG_ANALYZER_NUMBER_OBJECT_CONVERSION = YES_AGGRESSIVE;
				CLANG_CXX_LANGUAGE_STANDARD = "gnu++20";
				CLANG_ENABLE_MODULES = YES;
				CLANG_ENABLE_OBJC_ARC = YES;
				CLANG_ENABLE_OBJC_WEAK = YES;
				CLANG_WARN_BLOCK_CAPTURE_AUTORELEASING = YES;
				CLANG_WARN_BOOL_CONVERSION = YES;
				CLANG_WARN_COMMA = YES;
				CLANG_WARN_CONSTANT_CONVERSION = YES;
				CLANG_WARN_DEPRECATED_OBJC_IMPLEMENTATIONS = YES;
				CLANG_WARN_DIRECT_OBJC_ISA_USAGE = YES_ERROR;
				CLANG_WARN_DOCUMENTATION_COMMENTS = YES;
				CLANG_WARN_EMPTY_BODY = YES;
				CLANG_WARN_ENUM_CONVERSION = YES;
				CLANG_WARN_INFINITE_RECURSION = YES;
				CLANG_WARN_INT_CONVERSION = YES;
				CLANG_WARN_NON_LITERAL_NULL_CONVERSION = YES;
				CLANG_WARN_OBJC_IMPLICIT_RETAIN_SELF = YES;
				CLANG_WARN_OBJC_LITERAL_CONVERSION = YES;
				CLANG_WARN_OBJC_ROOT_CLASS = YES_ERROR;
				CLANG_WARN_QUOTED_INCLUDE_IN_FRAMEWORK_HEADER = YES;
				CLANG_WARN_RANGE_LOOP_ANALYSIS = YES;
				CLANG_WARN_STRICT_PROTOTYPES = YES;
				CLANG_WARN_SUSPICIOUS_MOVE = YES;
				CLANG_WARN_UNGUARDED_AVAILABILITY = YES_AGGRESSIVE;
				CLANG_WARN_UNREACHABLE_CODE = YES;
				CLANG_WARN__DUPLICATE_METHOD_MATCH = YES;
				COPY_PHASE_STRIP = NO;
				DEBUG_INFORMATION_FORMAT = dwarf;
				ENABLE_STRICT_OBJC_MSGSEND = YES;
				ENABLE_TESTABILITY = YES;
				ENABLE_USER_SCRIPT_SANDBOXING = YES;
				GCC_C_LANGUAGE_STANDARD = gnu17;
				GCC_DYNAMIC_NO_PIC = NO;
				GCC_NO_COMMON_BLOCKS = YES;
				GCC_OPTIMIZATION_LEVEL = 0;
				GCC_PREPROCESSOR_DEFINITIONS = (
					"DEBUG=1",
					"$(inherited)",
				);
				GCC_WARN_64_TO_32_BIT_CONVERSION = YES;
				GCC_WARN_ABOUT_RETURN_TYPE = YES_ERROR;
				GCC_WARN_UNDECLARED_SELECTOR = YES;
				GCC_WARN_UNINITIALIZED_AUTOS = YES_AGGRESSIVE;
				GCC_WARN_UNUSED_FUNCTION = YES;
				GCC_WARN_UNUSED_VARIABLE = YES;
				IPHONEOS_DEPLOYMENT_TARGET = 17.4;
				LOCALIZATION_PREFERS_STRING_CATALOGS = YES;
				MTL_ENABLE_DEBUG_INFO = INCLUDE_SOURCE;
				MTL_FAST_MATH = YES;
				ONLY_ACTIVE_ARCH = YES;
				SDKROOT = iphoneos;
				SWIFT_ACTIVE_COMPILATION_CONDITIONS = "DEBUG $(inherited)";
				SWIFT_OPTIMIZATION_LEVEL = "-Onone";
			};
			name = Debug;
		};
		C333E0302C60E0E70055CB36 /* Release */ = {
			isa = XCBuildConfiguration;
			buildSettings = {
				ALWAYS_SEARCH_USER_PATHS = NO;
				ASSETCATALOG_COMPILER_GENERATE_SWIFT_ASSET_SYMBOL_EXTENSIONS = YES;
				CLANG_ANALYZER_NONNULL = YES;
				CLANG_ANALYZER_NUMBER_OBJECT_CONVERSION = YES_AGGRESSIVE;
				CLANG_CXX_LANGUAGE_STANDARD = "gnu++20";
				CLANG_ENABLE_MODULES = YES;
				CLANG_ENABLE_OBJC_ARC = YES;
				CLANG_ENABLE_OBJC_WEAK = YES;
				CLANG_WARN_BLOCK_CAPTURE_AUTORELEASING = YES;
				CLANG_WARN_BOOL_CONVERSION = YES;
				CLANG_WARN_COMMA = YES;
				CLANG_WARN_CONSTANT_CONVERSION = YES;
				CLANG_WARN_DEPRECATED_OBJC_IMPLEMENTATIONS = YES;
				CLANG_WARN_DIRECT_OBJC_ISA_USAGE = YES_ERROR;
				CLANG_WARN_DOCUMENTATION_COMMENTS = YES;
				CLANG_WARN_EMPTY_BODY = YES;
				CLANG_WARN_ENUM_CONVERSION = YES;
				CLANG_WARN_INFINITE_RECURSION = YES;
				CLANG_WARN_INT_CONVERSION = YES;
				CLANG_WARN_NON_LITERAL_NULL_CONVERSION = YES;
				CLANG_WARN_OBJC_IMPLICIT_RETAIN_SELF = YES;
				CLANG_WARN_OBJC_LITERAL_CONVERSION = YES;
				CLANG_WARN_OBJC_ROOT_CLASS = YES_ERROR;
				CLANG_WARN_QUOTED_INCLUDE_IN_FRAMEWORK_HEADER = YES;
				CLANG_WARN_RANGE_LOOP_ANALYSIS = YES;
				CLANG_WARN_STRICT_PROTOTYPES = YES;
				CLANG_WARN_SUSPICIOUS_MOVE = YES;
				CLANG_WARN_UNGUARDED_AVAILABILITY = YES_AGGRESSIVE;
				CLANG_WARN_UNREACHABLE_CODE = YES;
				CLANG_WARN__DUPLICATE_METHOD_MATCH = YES;
				COPY_PHASE_STRIP = NO;
				DEBUG_INFORMATION_FORMAT = "dwarf-with-dsym";
				ENABLE_NS_ASSERTIONS = NO;
				ENABLE_STRICT_OBJC_MSGSEND = YES;
				ENABLE_USER_SCRIPT_SANDBOXING = YES;
				GCC_C_LANGUAGE_STANDARD = gnu17;
				GCC_NO_COMMON_BLOCKS = YES;
				GCC_WARN_64_TO_32_BIT_CONVERSION = YES;
				GCC_WARN_ABOUT_RETURN_TYPE = YES_ERROR;
				GCC_WARN_UNDECLARED_SELECTOR = YES;
				GCC_WARN_UNINITIALIZED_AUTOS = YES_AGGRESSIVE;
				GCC_WARN_UNUSED_FUNCTION = YES;
				GCC_WARN_UNUSED_VARIABLE = YES;
				IPHONEOS_DEPLOYMENT_TARGET = 17.4;
				LOCALIZATION_PREFERS_STRING_CATALOGS = YES;
				MTL_ENABLE_DEBUG_INFO = NO;
				MTL_FAST_MATH = YES;
				SDKROOT = iphoneos;
				SWIFT_COMPILATION_MODE = wholemodule;
				VALIDATE_PRODUCT = YES;
			};
			name = Release;
		};
		C333E0322C60E0E70055CB36 /* Debug */ = {
			isa = XCBuildConfiguration;
			buildSettings = {
				ASSETCATALOG_COMPILER_APPICON_NAME = AppIcon;
				ASSETCATALOG_COMPILER_GLOBAL_ACCENT_COLOR_NAME = AccentColor;
				CODE_SIGN_STYLE = Automatic;
				CURRENT_PROJECT_VERSION = 1;
				DEVELOPMENT_TEAM = US4P6S3B5V;
				GENERATE_INFOPLIST_FILE = YES;
				INFOPLIST_FILE = IsrafApp/Info.plist;
				INFOPLIST_KEY_UIApplicationSupportsIndirectInputEvents = YES;
				INFOPLIST_KEY_UILaunchStoryboardName = LaunchScreen;
				INFOPLIST_KEY_UIMainStoryboardFile = Main;
				INFOPLIST_KEY_UISupportedInterfaceOrientations_iPad = "UIInterfaceOrientationPortrait UIInterfaceOrientationPortraitUpsideDown UIInterfaceOrientationLandscapeLeft UIInterfaceOrientationLandscapeRight";
				INFOPLIST_KEY_UISupportedInterfaceOrientations_iPhone = "UIInterfaceOrientationPortrait UIInterfaceOrientationLandscapeLeft UIInterfaceOrientationLandscapeRight";
				IPHONEOS_DEPLOYMENT_TARGET = 17.4;
				LD_RUNPATH_SEARCH_PATHS = (
					"$(inherited)",
					"@executable_path/Frameworks",
				);
				MARKETING_VERSION = 1.0;
				PRODUCT_BUNDLE_IDENTIFIER = com.emre.IsrafApp;
				PRODUCT_NAME = "$(TARGET_NAME)";
				SWIFT_EMIT_LOC_STRINGS = YES;
				SWIFT_VERSION = 5.0;
				TARGETED_DEVICE_FAMILY = "1,2";
			};
			name = Debug;
		};
		C333E0332C60E0E70055CB36 /* Release */ = {
			isa = XCBuildConfiguration;
			buildSettings = {
				ASSETCATALOG_COMPILER_APPICON_NAME = AppIcon;
				ASSETCATALOG_COMPILER_GLOBAL_ACCENT_COLOR_NAME = AccentColor;
				CODE_SIGN_STYLE = Automatic;
				CURRENT_PROJECT_VERSION = 1;
				DEVELOPMENT_TEAM = US4P6S3B5V;
				GENERATE_INFOPLIST_FILE = YES;
				INFOPLIST_FILE = IsrafApp/Info.plist;
				INFOPLIST_KEY_UIApplicationSupportsIndirectInputEvents = YES;
				INFOPLIST_KEY_UILaunchStoryboardName = LaunchScreen;
				INFOPLIST_KEY_UIMainStoryboardFile = Main;
				INFOPLIST_KEY_UISupportedInterfaceOrientations_iPad = "UIInterfaceOrientationPortrait UIInterfaceOrientationPortraitUpsideDown UIInterfaceOrientationLandscapeLeft UIInterfaceOrientationLandscapeRight";
				INFOPLIST_KEY_UISupportedInterfaceOrientations_iPhone = "UIInterfaceOrientationPortrait UIInterfaceOrientationLandscapeLeft UIInterfaceOrientationLandscapeRight";
				IPHONEOS_DEPLOYMENT_TARGET = 17.4;
				LD_RUNPATH_SEARCH_PATHS = (
					"$(inherited)",
					"@executable_path/Frameworks",
				);
				MARKETING_VERSION = 1.0;
				PRODUCT_BUNDLE_IDENTIFIER = com.emre.IsrafApp;
				PRODUCT_NAME = "$(TARGET_NAME)";
				SWIFT_EMIT_LOC_STRINGS = YES;
				SWIFT_VERSION = 5.0;
				TARGETED_DEVICE_FAMILY = "1,2";
			};
			name = Release;
		};
/* End XCBuildConfiguration section */

/* Begin XCConfigurationList section */
		C333E0182C60E0E60055CB36 /* Build configuration list for PBXProject "IsrafApp" */ = {
			isa = XCConfigurationList;
			buildConfigurations = (
				C333E02F2C60E0E70055CB36 /* Debug */,
				C333E0302C60E0E70055CB36 /* Release */,
			);
			defaultConfigurationIsVisible = 0;
			defaultConfigurationName = Release;
		};
		C333E0312C60E0E70055CB36 /* Build configuration list for PBXNativeTarget "IsrafApp" */ = {
			isa = XCConfigurationList;
			buildConfigurations = (
				C333E0322C60E0E70055CB36 /* Debug */,
				C333E0332C60E0E70055CB36 /* Release */,
			);
			defaultConfigurationIsVisible = 0;
			defaultConfigurationName = Release;
		};
/* End XCConfigurationList section */

/* Begin XCRemoteSwiftPackageReference section */
		C333E0422C62B01E0055CB36 /* XCRemoteSwiftPackageReference "firebase-ios-sdk" */ = {
			isa = XCRemoteSwiftPackageReference;
			repositoryURL = "https://github.com/firebase/firebase-ios-sdk";
			requirement = {
				kind = upToNextMajorVersion;
				minimumVersion = 11.0.0;
			};
		};
		C3D0C5342C6E1C7A0063A5CD /* XCRemoteSwiftPackageReference "Kingfisher" */ = {
			isa = XCRemoteSwiftPackageReference;
			repositoryURL = "https://github.com/onevcat/Kingfisher.git";
			requirement = {
				kind = upToNextMajorVersion;
				minimumVersion = 7.12.0;
			};
		};
/* End XCRemoteSwiftPackageReference section */

/* Begin XCSwiftPackageProductDependency section */
		C333E0432C62B01E0055CB36 /* FirebaseAnalytics */ = {
			isa = XCSwiftPackageProductDependency;
			package = C333E0422C62B01E0055CB36 /* XCRemoteSwiftPackageReference "firebase-ios-sdk" */;
			productName = FirebaseAnalytics;
		};
		C333E0452C62B01E0055CB36 /* FirebaseAuth */ = {
			isa = XCSwiftPackageProductDependency;
			package = C333E0422C62B01E0055CB36 /* XCRemoteSwiftPackageReference "firebase-ios-sdk" */;
			productName = FirebaseAuth;
		};
		C333E0472C62B01E0055CB36 /* FirebaseFirestore */ = {
			isa = XCSwiftPackageProductDependency;
			package = C333E0422C62B01E0055CB36 /* XCRemoteSwiftPackageReference "firebase-ios-sdk" */;
			productName = FirebaseFirestore;
		};
		C333E0492C62B01E0055CB36 /* FirebaseStorage */ = {
			isa = XCSwiftPackageProductDependency;
			package = C333E0422C62B01E0055CB36 /* XCRemoteSwiftPackageReference "firebase-ios-sdk" */;
			productName = FirebaseStorage;
		};
		C3D0C5352C6E1C7A0063A5CD /* Kingfisher */ = {
			isa = XCSwiftPackageProductDependency;
			package = C3D0C5342C6E1C7A0063A5CD /* XCRemoteSwiftPackageReference "Kingfisher" */;
			productName = Kingfisher;
		};
/* End XCSwiftPackageProductDependency section */
	};
	rootObject = C333E0152C60E0E60055CB36 /* Project object */;
}
